
Microsoft Visual Studio Solution File, Format Version 12.00
# Visual Studio Version 17
VisualStudioVersion = 17.5.002.0
MinimumVisualStudioVersion = 10.0.40219.1
Project("{9A19103F-16F7-4668-BE54-9A1E7A4F7556}") = "csharpCalculator", "csharpCalculator.csproj", "{20DA1D1B-DF07-4AF9-87E1-E5B50EC6D697}"
EndProject
Global
	GlobalSection(SolutionConfigurationPlatforms) = preSolution
		Debug|Any CPU = Debug|Any CPU
		Release|Any CPU = Release|Any CPU
	EndGlobalSection
	GlobalSection(ProjectConfigurationPlatforms) = postSolution
		{20DA1D1B-DF07-4AF9-87E1-E5B50EC6D697}.Debug|Any CPU.ActiveCfg = Debug|Any CPU
		{20DA1D1B-DF07-4AF9-87E1-E5B50EC6D697}.Debug|Any CPU.Build.0 = Debug|Any CPU
		{20DA1D1B-DF07-4AF9-87E1-E5B50EC6D697}.Release|Any CPU.ActiveCfg = Release|Any CPU
		{20DA1D1B-DF07-4AF9-87E1-E5B50EC6D697}.Release|Any CPU.Build.0 = Release|Any CPU
	EndGlobalSection
	GlobalSection(SolutionProperties) = preSolution
		HideSolutionNode = FALSE
	EndGlobalSection
	GlobalSection(ExtensibilityGlobals) = postSolution
		SolutionGuid = {834AA1FF-BE47-4C39-89F1-E366492F8D95}
	EndGlobalSection
EndGlobal
